
Microsoft Visual Studio Solution File, Format Version 12.00
# Visual Studio Version 16
VisualStudioVersion = 16.0.31702.278
MinimumVisualStudioVersion = 10.0.40219.1
Project("{FAE04EC0-301F-11D3-BF4B-00C04F79EFBC}") = "MoviesAPI", "MoviesAPI\MoviesAPI.csproj", "{0EFBD150-3112-43A0-9084-AF1E38A3450F}"
EndProject
Global
	GlobalSection(SolutionConfigurationPlatforms) = preSolution
		Debug|Any CPU = Debug|Any CPU
		Release|Any CPU = Release|Any CPU
	EndGlobalSection
	GlobalSection(ProjectConfigurationPlatforms) = postSolution
		{0EFBD150-3112-43A0-9084-AF1E38A3450F}.Debug|Any CPU.ActiveCfg = Debug|Any CPU
		{0EFBD150-3112-43A0-9084-AF1E38A3450F}.Debug|Any CPU.Build.0 = Debug|Any CPU
		{0EFBD150-3112-43A0-9084-AF1E38A3450F}.Release|Any CPU.ActiveCfg = Release|Any CPU
		{0EFBD150-3112-43A0-9084-AF1E38A3450F}.Release|Any CPU.Build.0 = Release|Any CPU
	EndGlobalSection
	GlobalSection(SolutionProperties) = preSolution
		HideSolutionNode = FALSE
	EndGlobalSection
	GlobalSection(ExtensibilityGlobals) = postSolution
		SolutionGuid = {E4B928E6-40FD-45B8-ABCF-0195F8273A5E}
	EndGlobalSection
EndGlobal
