
Microsoft Visual Studio Solution File, Format Version 12.00
# Visual Studio Version 16
VisualStudioVersion = 16.0.31702.278
MinimumVisualStudioVersion = 10.0.40219.1
Project("{FAE04EC0-301F-11D3-BF4B-00C04F79EFBC}") = "CombinedProject", "CombinedProject\CombinedProject.csproj", "{F10E7044-986D-4983-96F2-8746138A0E91}"
EndProject
Global
	GlobalSection(SolutionConfigurationPlatforms) = preSolution
		Debug|Any CPU = Debug|Any CPU
		Release|Any CPU = Release|Any CPU
	EndGlobalSection
	GlobalSection(ProjectConfigurationPlatforms) = postSolution
		{F10E7044-986D-4983-96F2-8746138A0E91}.Debug|Any CPU.ActiveCfg = Debug|Any CPU
		{F10E7044-986D-4983-96F2-8746138A0E91}.Debug|Any CPU.Build.0 = Debug|Any CPU
		{F10E7044-986D-4983-96F2-8746138A0E91}.Release|Any CPU.ActiveCfg = Release|Any CPU
		{F10E7044-986D-4983-96F2-8746138A0E91}.Release|Any CPU.Build.0 = Release|Any CPU
	EndGlobalSection
	GlobalSection(SolutionProperties) = preSolution
		HideSolutionNode = FALSE
	EndGlobalSection
	GlobalSection(ExtensibilityGlobals) = postSolution
		SolutionGuid = {50A0AC4D-D83A-4817-8233-A40D5D8AA6F5}
	EndGlobalSection
EndGlobal
